// !$*UTF8*$!
{
	archiveVersion = 1;
	classes = {
	};
	objectVersion = 50;
	objects = {

/* Begin PBXBuildFile section */
		8589C6A32242630600EA1FFE /* TextFieldCollectionViewCell.swift in Sources */ = {isa = PBXBuildFile; fileRef = 8589C6A22242630600EA1FFE /* TextFieldCollectionViewCell.swift */; };
		8589C6A52243FDC400EA1FFE /* EmojiArt.swift in Sources */ = {isa = PBXBuildFile; fileRef = 8589C6A42243FDC400EA1FFE /* EmojiArt.swift */; };
		85C15477223BF297007AB77A /* EmojiCollectionViewCell.swift in Sources */ = {isa = PBXBuildFile; fileRef = 85C15476223BF297007AB77A /* EmojiCollectionViewCell.swift */; };
		85C15479223C1DF0007AB77A /* EmojiArtView+Gestures.swift in Sources */ = {isa = PBXBuildFile; fileRef = 85C15478223C1DF0007AB77A /* EmojiArtView+Gestures.swift */; };
		85EA3BFC2239727600A20D6B /* AppDelegate.swift in Sources */ = {isa = PBXBuildFile; fileRef = 85EA3BFB2239727600A20D6B /* AppDelegate.swift */; };
		85EA3C012239727600A20D6B /* Main.storyboard in Resources */ = {isa = PBXBuildFile; fileRef = 85EA3BFF2239727600A20D6B /* Main.storyboard */; };
		85EA3C032239727900A20D6B /* Assets.xcassets in Resources */ = {isa = PBXBuildFile; fileRef = 85EA3C022239727900A20D6B /* Assets.xcassets */; };
		85EA3C062239727900A20D6B /* LaunchScreen.storyboard in Resources */ = {isa = PBXBuildFile; fileRef = 85EA3C042239727900A20D6B /* LaunchScreen.storyboard */; };
		85EA3C12223972CD00A20D6B /* EmojiArtViewController.swift in Sources */ = {isa = PBXBuildFile; fileRef = 85EA3C11223972CD00A20D6B /* EmojiArtViewController.swift */; };
		85EA3C142239735A00A20D6B /* EmojiArtView.swift in Sources */ = {isa = PBXBuildFile; fileRef = 85EA3C132239735A00A20D6B /* EmojiArtView.swift */; };
		85EA3C162239761E00A20D6B /* Utilities.swift in Sources */ = {isa = PBXBuildFile; fileRef = 85EA3C152239761E00A20D6B /* Utilities.swift */; };
		85EA3C1822398D6B00A20D6B /* EmojiArtDocumentTableViewController.swift in Sources */ = {isa = PBXBuildFile; fileRef = 85EA3C1722398D6B00A20D6B /* EmojiArtDocumentTableViewController.swift */; };
/* End PBXBuildFile section */

/* Begin PBXFileReference section */
		8589C6A22242630600EA1FFE /* TextFieldCollectionViewCell.swift */ = {isa = PBXFileReference; lastKnownFileType = sourcecode.swift; path = TextFieldCollectionViewCell.swift; sourceTree = "<group>"; };
		8589C6A42243FDC400EA1FFE /* EmojiArt.swift */ = {isa = PBXFileReference; lastKnownFileType = sourcecode.swift; path = EmojiArt.swift; sourceTree = "<group>"; };
		85C15476223BF297007AB77A /* EmojiCollectionViewCell.swift */ = {isa = PBXFileReference; lastKnownFileType = sourcecode.swift; path = EmojiCollectionViewCell.swift; sourceTree = "<group>"; };
		85C15478223C1DF0007AB77A /* EmojiArtView+Gestures.swift */ = {isa = PBXFileReference; lastKnownFileType = sourcecode.swift; path = "EmojiArtView+Gestures.swift"; sourceTree = "<group>"; };
		85EA3BF82239727600A20D6B /* EmojiArt.app */ = {isa = PBXFileReference; explicitFileType = wrapper.application; includeInIndex = 0; path = EmojiArt.app; sourceTree = BUILT_PRODUCTS_DIR; };
		85EA3BFB2239727600A20D6B /* AppDelegate.swift */ = {isa = PBXFileReference; lastKnownFileType = sourcecode.swift; path = AppDelegate.swift; sourceTree = "<group>"; };
		85EA3C002239727600A20D6B /* Base */ = {isa = PBXFileReference; lastKnownFileType = file.storyboard; name = Base; path = Base.lproj/Main.storyboard; sourceTree = "<group>"; };
		85EA3C022239727900A20D6B /* Assets.xcassets */ = {isa = PBXFileReference; lastKnownFileType = folder.assetcatalog; path = Assets.xcassets; sourceTree = "<group>"; };
		85EA3C052239727900A20D6B /* Base */ = {isa = PBXFileReference; lastKnownFileType = file.storyboard; name = Base; path = Base.lproj/LaunchScreen.storyboard; sourceTree = "<group>"; };
		85EA3C072239727900A20D6B /* Info.plist */ = {isa = PBXFileReference; lastKnownFileType = text.plist.xml; path = Info.plist; sourceTree = "<group>"; };
		85EA3C11223972CD00A20D6B /* EmojiArtViewController.swift */ = {isa = PBXFileReference; lastKnownFileType = sourcecode.swift; path = EmojiArtViewController.swift; sourceTree = "<group>"; };
		85EA3C132239735A00A20D6B /* EmojiArtView.swift */ = {isa = PBXFileReference; lastKnownFileType = sourcecode.swift; path = EmojiArtView.swift; sourceTree = "<group>"; };
		85EA3C152239761E00A20D6B /* Utilities.swift */ = {isa = PBXFileReference; lastKnownFileType = sourcecode.swift; path = Utilities.swift; sourceTree = "<group>"; };
		85EA3C1722398D6B00A20D6B /* EmojiArtDocumentTableViewController.swift */ = {isa = PBXFileReference; lastKnownFileType = sourcecode.swift; path = EmojiArtDocumentTableViewController.swift; sourceTree = "<group>"; };
/* End PBXFileReference section */

/* Begin PBXFrameworksBuildPhase section */
		85EA3BF52239727600A20D6B /* Frameworks */ = {
			isa = PBXFrameworksBuildPhase;
			buildActionMask = 2147483647;
			files = (
			);
			runOnlyForDeploymentPostprocessing = 0;
		};
/* End PBXFrameworksBuildPhase section */

/* Begin PBXGroup section */
		85EA3BEF2239727600A20D6B = {
			isa = PBXGroup;
			children = (
				85EA3BFA2239727600A20D6B /* EmojiArt */,
				85EA3BF92239727600A20D6B /* Products */,
			);
			sourceTree = "<group>";
		};
		85EA3BF92239727600A20D6B /* Products */ = {
			isa = PBXGroup;
			children = (
				85EA3BF82239727600A20D6B /* EmojiArt.app */,
			);
			name = Products;
			sourceTree = "<group>";
		};
		85EA3BFA2239727600A20D6B /* EmojiArt */ = {
			isa = PBXGroup;
			children = (
				85EA3C10223972A400A20D6B /* Model */,
				85EA3C0F2239729E00A20D6B /* Controller */,
				85EA3C0D2239728200A20D6B /* Supporting Files */,
				85EA3C0E2239729700A20D6B /* View */,
				85EA3C072239727900A20D6B /* Info.plist */,
			);
			path = EmojiArt;
			sourceTree = "<group>";
		};
		85EA3C0D2239728200A20D6B /* Supporting Files */ = {
			isa = PBXGroup;
			children = (
				85EA3BFB2239727600A20D6B /* AppDelegate.swift */,
				85EA3C022239727900A20D6B /* Assets.xcassets */,
				85EA3C042239727900A20D6B /* LaunchScreen.storyboard */,
			);
			path = "Supporting Files";
			sourceTree = "<group>";
		};
		85EA3C0E2239729700A20D6B /* View */ = {
			isa = PBXGroup;
			children = (
				85EA3BFF2239727600A20D6B /* Main.storyboard */,
			);
			path = View;
			sourceTree = "<group>";
		};
		85EA3C0F2239729E00A20D6B /* Controller */ = {
			isa = PBXGroup;
			children = (
				85EA3C1722398D6B00A20D6B /* EmojiArtDocumentTableViewController.swift */,
				8589C6A22242630600EA1FFE /* TextFieldCollectionViewCell.swift */,
				85EA3C132239735A00A20D6B /* EmojiArtView.swift */,
				85C15478223C1DF0007AB77A /* EmojiArtView+Gestures.swift */,
				85EA3C11223972CD00A20D6B /* EmojiArtViewController.swift */,
				85C15476223BF297007AB77A /* EmojiCollectionViewCell.swift */,
				85EA3C152239761E00A20D6B /* Utilities.swift */,
			);
			path = Controller;
			sourceTree = "<group>";
		};
		85EA3C10223972A400A20D6B /* Model */ = {
			isa = PBXGroup;
			children = (
				8589C6A42243FDC400EA1FFE /* EmojiArt.swift */,
			);
			path = Model;
			sourceTree = "<group>";
		};
/* End PBXGroup section */

/* Begin PBXNativeTarget section */
		85EA3BF72239727600A20D6B /* EmojiArt */ = {
			isa = PBXNativeTarget;
			buildConfigurationList = 85EA3C0A2239727900A20D6B /* Build configuration list for PBXNativeTarget "EmojiArt" */;
			buildPhases = (
				85EA3BF42239727600A20D6B /* Sources */,
				85EA3BF52239727600A20D6B /* Frameworks */,
				85EA3BF62239727600A20D6B /* Resources */,
			);
			buildRules = (
			);
			dependencies = (
			);
			name = EmojiArt;
			productName = EmojiArt;
			productReference = 85EA3BF82239727600A20D6B /* EmojiArt.app */;
			productType = "com.apple.product-type.application";
		};
/* End PBXNativeTarget section */

/* Begin PBXProject section */
		85EA3BF02239727600A20D6B /* Project object */ = {
			isa = PBXProject;
			attributes = {
				LastSwiftUpdateCheck = 1010;
				LastUpgradeCheck = 1010;
				ORGANIZATIONNAME = "Stanislav Kozlov";
				TargetAttributes = {
					85EA3BF72239727600A20D6B = {
						CreatedOnToolsVersion = 10.1;
					};
				};
			};
			buildConfigurationList = 85EA3BF32239727600A20D6B /* Build configuration list for PBXProject "EmojiArt" */;
			compatibilityVersion = "Xcode 9.3";
			developmentRegion = en;
			hasScannedForEncodings = 0;
			knownRegions = (
				en,
				Base,
			);
			mainGroup = 85EA3BEF2239727600A20D6B;
			productRefGroup = 85EA3BF92239727600A20D6B /* Products */;
			projectDirPath = "";
			projectRoot = "";
			targets = (
				85EA3BF72239727600A20D6B /* EmojiArt */,
			);
		};
/* End PBXProject section */

/* Begin PBXResourcesBuildPhase section */
		85EA3BF62239727600A20D6B /* Resources */ = {
			isa = PBXResourcesBuildPhase;
			buildActionMask = 2147483647;
			files = (
				85EA3C062239727900A20D6B /* LaunchScreen.storyboard in Resources */,
				85EA3C032239727900A20D6B /* Assets.xcassets in Resources */,
				85EA3C012239727600A20D6B /* Main.storyboard in Resources */,
			);
			runOnlyForDeploymentPostprocessing = 0;
		};
/* End PBXResourcesBuildPhase section */

/* Begin PBXSourcesBuildPhase section */
		85EA3BF42239727600A20D6B /* Sources */ = {
			isa = PBXSourcesBuildPhase;
			buildActionMask = 2147483647;
			files = (
				8589C6A52243FDC400EA1FFE /* EmojiArt.swift in Sources */,
				85EA3BFC2239727600A20D6B /* AppDelegate.swift in Sources */,
				85C15479223C1DF0007AB77A /* EmojiArtView+Gestures.swift in Sources */,
				85C15477223BF297007AB77A /* EmojiCollectionViewCell.swift in Sources */,
				85EA3C12223972CD00A20D6B /* EmojiArtViewController.swift in Sources */,
				8589C6A32242630600EA1FFE /* TextFieldCollectionViewCell.swift in Sources */,
				85EA3C162239761E00A20D6B /* Utilities.swift in Sources */,
				85EA3C1822398D6B00A20D6B /* EmojiArtDocumentTableViewController.swift in Sources */,
				85EA3C142239735A00A20D6B /* EmojiArtView.swift in Sources */,
			);
			runOnlyForDeploymentPostprocessing = 0;
		};
/* End PBXSourcesBuildPhase section */

/* Begin PBXVariantGroup section */
		85EA3BFF2239727600A20D6B /* Main.storyboard */ = {
			isa = PBXVariantGroup;
			children = (
				85EA3C002239727600A20D6B /* Base */,
			);
			name = Main.storyboard;
			sourceTree = "<group>";
		};
		85EA3C042239727900A20D6B /* LaunchScreen.storyboard */ = {
			isa = PBXVariantGroup;
			children = (
				85EA3C052239727900A20D6B /* Base */,
			);
			name = LaunchScreen.storyboard;
			sourceTree = "<group>";
		};
/* End PBXVariantGroup section */

/* Begin XCBuildConfiguration section */
		85EA3C082239727900A20D6B /* Debug */ = {
			isa = XCBuildConfiguration;
			buildSettings = {
				ALWAYS_SEARCH_USER_PATHS = NO;
				CLANG_ANALYZER_NONNULL = YES;
				CLANG_ANALYZER_NUMBER_OBJECT_CONVERSION = YES_AGGRESSIVE;
				CLANG_CXX_LANGUAGE_STANDARD = "gnu++14";
				CLANG_CXX_LIBRARY = "libc++";
				CLANG_ENABLE_MODULES = YES;
				CLANG_ENABLE_OBJC_ARC = YES;
				CLANG_ENABLE_OBJC_WEAK = YES;
				CLANG_WARN_BLOCK_CAPTURE_AUTORELEASING = YES;
				CLANG_WARN_BOOL_CONVERSION = YES;
				CLANG_WARN_COMMA = YES;
				CLANG_WARN_CONSTANT_CONVERSION = YES;
				CLANG_WARN_DEPRECATED_OBJC_IMPLEMENTATIONS = YES;
				CLANG_WARN_DIRECT_OBJC_ISA_USAGE = YES_ERROR;
				CLANG_WARN_DOCUMENTATION_COMMENTS = YES;
				CLANG_WARN_EMPTY_BODY = YES;
				CLANG_WARN_ENUM_CONVERSION = YES;
				CLANG_WARN_INFINITE_RECURSION = YES;
				CLANG_WARN_INT_CONVERSION = YES;
				CLANG_WARN_NON_LITERAL_NULL_CONVERSION = YES;
				CLANG_WARN_OBJC_IMPLICIT_RETAIN_SELF = YES;
				CLANG_WARN_OBJC_LITERAL_CONVERSION = YES;
				CLANG_WARN_OBJC_ROOT_CLASS = YES_ERROR;
				CLANG_WARN_RANGE_LOOP_ANALYSIS = YES;
				CLANG_WARN_STRICT_PROTOTYPES = YES;
				CLANG_WARN_SUSPICIOUS_MOVE = YES;
				CLANG_WARN_UNGUARDED_AVAILABILITY = YES_AGGRESSIVE;
				CLANG_WARN_UNREACHABLE_CODE = YES;
				CLANG_WARN__DUPLICATE_METHOD_MATCH = YES;
				CODE_SIGN_IDENTITY = "iPhone Developer";
				COPY_PHASE_STRIP = NO;
				DEBUG_INFORMATION_FORMAT = dwarf;
				ENABLE_STRICT_OBJC_MSGSEND = YES;
				ENABLE_TESTABILITY = YES;
				GCC_C_LANGUAGE_STANDARD = gnu11;
				GCC_DYNAMIC_NO_PIC = NO;
				GCC_NO_COMMON_BLOCKS = YES;
				GCC_OPTIMIZATION_LEVEL = 0;
				GCC_PREPROCESSOR_DEFINITIONS = (
					"DEBUG=1",
					"$(inherited)",
				);
				GCC_WARN_64_TO_32_BIT_CONVERSION = YES;
				GCC_WARN_ABOUT_RETURN_TYPE = YES_ERROR;
				GCC_WARN_UNDECLARED_SELECTOR = YES;
				GCC_WARN_UNINITIALIZED_AUTOS = YES_AGGRESSIVE;
				GCC_WARN_UNUSED_FUNCTION = YES;
				GCC_WARN_UNUSED_VARIABLE = YES;
				IPHONEOS_DEPLOYMENT_TARGET = 12.1;
				MTL_ENABLE_DEBUG_INFO = INCLUDE_SOURCE;
				MTL_FAST_MATH = YES;
				ONLY_ACTIVE_ARCH = YES;
				SDKROOT = iphoneos;
				SWIFT_ACTIVE_COMPILATION_CONDITIONS = DEBUG;
				SWIFT_OPTIMIZATION_LEVEL = "-Onone";
			};
			name = Debug;
		};
		85EA3C092239727900A20D6B /* Release */ = {
			isa = XCBuildConfiguration;
			buildSettings = {
				ALWAYS_SEARCH_USER_PATHS = NO;
				CLANG_ANALYZER_NONNULL = YES;
				CLANG_ANALYZER_NUMBER_OBJECT_CONVERSION = YES_AGGRESSIVE;
				CLANG_CXX_LANGUAGE_STANDARD = "gnu++14";
				CLANG_CXX_LIBRARY = "libc++";
				CLANG_ENABLE_MODULES = YES;
				CLANG_ENABLE_OBJC_ARC = YES;
				CLANG_ENABLE_OBJC_WEAK = YES;
				CLANG_WARN_BLOCK_CAPTURE_AUTORELEASING = YES;
				CLANG_WARN_BOOL_CONVERSION = YES;
				CLANG_WARN_COMMA = YES;
				CLANG_WARN_CONSTANT_CONVERSION = YES;
				CLANG_WARN_DEPRECATED_OBJC_IMPLEMENTATIONS = YES;
				CLANG_WARN_DIRECT_OBJC_ISA_USAGE = YES_ERROR;
				CLANG_WARN_DOCUMENTATION_COMMENTS = YES;
				CLANG_WARN_EMPTY_BODY = YES;
				CLANG_WARN_ENUM_CONVERSION = YES;
				CLANG_WARN_INFINITE_RECURSION = YES;
				CLANG_WARN_INT_CONVERSION = YES;
				CLANG_WARN_NON_LITERAL_NULL_CONVERSION = YES;
				CLANG_WARN_OBJC_IMPLICIT_RETAIN_SELF = YES;
				CLANG_WARN_OBJC_LITERAL_CONVERSION = YES;
				CLANG_WARN_OBJC_ROOT_CLASS = YES_ERROR;
				CLANG_WARN_RANGE_LOOP_ANALYSIS = YES;
				CLANG_WARN_STRICT_PROTOTYPES = YES;
				CLANG_WARN_SUSPICIOUS_MOVE = YES;
				CLANG_WARN_UNGUARDED_AVAILABILITY = YES_AGGRESSIVE;
				CLANG_WARN_UNREACHABLE_CODE = YES;
				CLANG_WARN__DUPLICATE_METHOD_MATCH = YES;
				CODE_SIGN_IDENTITY = "iPhone Developer";
				COPY_PHASE_STRIP = NO;
				DEBUG_INFORMATION_FORMAT = "dwarf-with-dsym";
				ENABLE_NS_ASSERTIONS = NO;
				ENABLE_STRICT_OBJC_MSGSEND = YES;
				GCC_C_LANGUAGE_STANDARD = gnu11;
				GCC_NO_COMMON_BLOCKS = YES;
				GCC_WARN_64_TO_32_BIT_CONVERSION = YES;
				GCC_WARN_ABOUT_RETURN_TYPE = YES_ERROR;
				GCC_WARN_UNDECLARED_SELECTOR = YES;
				GCC_WARN_UNINITIALIZED_AUTOS = YES_AGGRESSIVE;
				GCC_WARN_UNUSED_FUNCTION = YES;
				GCC_WARN_UNUSED_VARIABLE = YES;
				IPHONEOS_DEPLOYMENT_TARGET = 12.1;
				MTL_ENABLE_DEBUG_INFO = NO;
				MTL_FAST_MATH = YES;
				SDKROOT = iphoneos;
				SWIFT_COMPILATION_MODE = wholemodule;
				SWIFT_OPTIMIZATION_LEVEL = "-O";
				VALIDATE_PRODUCT = YES;
			};
			name = Release;
		};
		85EA3C0B2239727900A20D6B /* Debug */ = {
			isa = XCBuildConfiguration;
			buildSettings = {
				ASSETCATALOG_COMPILER_APPICON_NAME = AppIcon;
				CODE_SIGN_STYLE = Automatic;
				DEVELOPMENT_TEAM = M7X82K2M45;
				INFOPLIST_FILE = EmojiArt/Info.plist;
				LD_RUNPATH_SEARCH_PATHS = (
					"$(inherited)",
					"@executable_path/Frameworks",
				);
				PRODUCT_BUNDLE_IDENTIFIER = com.bleymy.EmojiArt;
				PRODUCT_NAME = "$(TARGET_NAME)";
				SWIFT_VERSION = 4.2;
				TARGETED_DEVICE_FAMILY = "1,2";
			};
			name = Debug;
		};
		85EA3C0C2239727900A20D6B /* Release */ = {
			isa = XCBuildConfiguration;
			buildSettings = {
				ASSETCATALOG_COMPILER_APPICON_NAME = AppIcon;
				CODE_SIGN_STYLE = Automatic;
				DEVELOPMENT_TEAM = M7X82K2M45;
				INFOPLIST_FILE = EmojiArt/Info.plist;
				LD_RUNPATH_SEARCH_PATHS = (
					"$(inherited)",
					"@executable_path/Frameworks",
				);
				PRODUCT_BUNDLE_IDENTIFIER = com.bleymy.EmojiArt;
				PRODUCT_NAME = "$(TARGET_NAME)";
				SWIFT_VERSION = 4.2;
				TARGETED_DEVICE_FAMILY = "1,2";
			};
			name = Release;
		};
/* End XCBuildConfiguration section */

/* Begin XCConfigurationList section */
		85EA3BF32239727600A20D6B /* Build configuration list for PBXProject "EmojiArt" */ = {
			isa = XCConfigurationList;
			buildConfigurations = (
				85EA3C082239727900A20D6B /* Debug */,
				85EA3C092239727900A20D6B /* Release */,
			);
			defaultConfigurationIsVisible = 0;
			defaultConfigurationName = Release;
		};
		85EA3C0A2239727900A20D6B /* Build configuration list for PBXNativeTarget "EmojiArt" */ = {
			isa = XCConfigurationList;
			buildConfigurations = (
				85EA3C0B2239727900A20D6B /* Debug */,
				85EA3C0C2239727900A20D6B /* Release */,
			);
			defaultConfigurationIsVisible = 0;
			defaultConfigurationName = Release;
		};
/* End XCConfigurationList section */
	};
	rootObject = 85EA3BF02239727600A20D6B /* Project object */;
}
